
Microsoft Visual Studio Solution File, Format Version 12.00
# Visual Studio Version 16
VisualStudioVersion = 16.0.29613.14
MinimumVisualStudioVersion = 10.0.40219.1
Project("{FAE04EC0-301F-11D3-BF4B-00C04F79EFBC}") = "CustomerApi", "CustomerApi.csproj", "{A4DE3CCD-4A16-43F1-B255-39675CA838FD}"
EndProject
Global
	GlobalSection(SolutionConfigurationPlatforms) = preSolution
		Debug|Any CPU = Debug|Any CPU
		Release|Any CPU = Release|Any CPU
	EndGlobalSection
	GlobalSection(ProjectConfigurationPlatforms) = postSolution
		{A4DE3CCD-4A16-43F1-B255-39675CA838FD}.Debug|Any CPU.ActiveCfg = Debug|Any CPU
		{A4DE3CCD-4A16-43F1-B255-39675CA838FD}.Debug|Any CPU.Build.0 = Debug|Any CPU
		{A4DE3CCD-4A16-43F1-B255-39675CA838FD}.Release|Any CPU.ActiveCfg = Release|Any CPU
		{A4DE3CCD-4A16-43F1-B255-39675CA838FD}.Release|Any CPU.Build.0 = Release|Any CPU
	EndGlobalSection
	GlobalSection(SolutionProperties) = preSolution
		HideSolutionNode = FALSE
	EndGlobalSection
	GlobalSection(ExtensibilityGlobals) = postSolution
		SolutionGuid = {8F0BB9E0-8B92-4E30-8CE8-BD51D1A38187}
	EndGlobalSection
EndGlobal
